// !$*UTF8*$!
{
	archiveVersion = 1;
	classes = {
	};
	objectVersion = 52;
	objects = {

/* Begin PBXBuildFile section */
		1F155D762764923300926692 /* iOSIntPackage in Frameworks */ = {isa = PBXBuildFile; productRef = 1F155D752764923300926692 /* iOSIntPackage */; };
		1F2A9E3726DA1B6300542900 /* InfoViewController.swift in Sources */ = {isa = PBXBuildFile; fileRef = 1F2A9E3526DA1B6300542900 /* InfoViewController.swift */; };
		1F5B736D26EDD6440075597B /* UIImage+extensions.swift in Sources */ = {isa = PBXBuildFile; fileRef = 1F5B736C26EDD6440075597B /* UIImage+extensions.swift */; };
		1F5B736F26EE007E0075597B /* UIScrollView+scrollToVerticalEnd.swift in Sources */ = {isa = PBXBuildFile; fileRef = 1F5B736E26EE007E0075597B /* UIScrollView+scrollToVerticalEnd.swift */; };
		1F5B737126EE11F90075597B /* PostTableViewCell.swift in Sources */ = {isa = PBXBuildFile; fileRef = 1F5B737026EE11F90075597B /* PostTableViewCell.swift */; };
		1F7B418A26F59F5D004BEB2F /* PhotosCollectionViewCell.swift in Sources */ = {isa = PBXBuildFile; fileRef = 1F7B418926F59F5D004BEB2F /* PhotosCollectionViewCell.swift */; };
		1F9E705C26E10F180019098B /* ProfileHeaderView.swift in Sources */ = {isa = PBXBuildFile; fileRef = 1F9E705B26E10F180019098B /* ProfileHeaderView.swift */; };
		1F9F324B26D251DA00CB1285 /* AppDelegate.swift in Sources */ = {isa = PBXBuildFile; fileRef = 1F9F324A26D251DA00CB1285 /* AppDelegate.swift */; };
		1F9F324D26D251DA00CB1285 /* SceneDelegate.swift in Sources */ = {isa = PBXBuildFile; fileRef = 1F9F324C26D251DA00CB1285 /* SceneDelegate.swift */; };
		1F9F325426D251DB00CB1285 /* Assets.xcassets in Resources */ = {isa = PBXBuildFile; fileRef = 1F9F325326D251DB00CB1285 /* Assets.xcassets */; };
		1F9F325726D251DB00CB1285 /* LaunchScreen.storyboard in Resources */ = {isa = PBXBuildFile; fileRef = 1F9F325526D251DB00CB1285 /* LaunchScreen.storyboard */; };
		1F9F326126D2581300CB1285 /* ProfileView.swift in Sources */ = {isa = PBXBuildFile; fileRef = 1F9F326026D2581300CB1285 /* ProfileView.swift */; };
		1F9F326526D2612400CB1285 /* ProfileViewController.swift in Sources */ = {isa = PBXBuildFile; fileRef = 1F9F326426D2612400CB1285 /* ProfileViewController.swift */; };
		1FE231132764C0A100235C80 /* User.swift in Sources */ = {isa = PBXBuildFile; fileRef = 1FE231122764C0A000235C80 /* User.swift */; };
		1FE231162764C14500235C80 /* User+avatar.swift in Sources */ = {isa = PBXBuildFile; fileRef = 1FE231152764C14500235C80 /* User+avatar.swift */; };
		1FE231182764C1F200235C80 /* UserService.swift in Sources */ = {isa = PBXBuildFile; fileRef = 1FE231172764C1F200235C80 /* UserService.swift */; };
		1FE2311A2764C22F00235C80 /* CurrentUserService.swift in Sources */ = {isa = PBXBuildFile; fileRef = 1FE231192764C22F00235C80 /* CurrentUserService.swift */; };
		1FE2311E2764C65A00235C80 /* UIAlertController+infoAlert.swift in Sources */ = {isa = PBXBuildFile; fileRef = 1FE2311D2764C65A00235C80 /* UIAlertController+infoAlert.swift */; };
		1FE231202764CF7600235C80 /* TestUserService.swift in Sources */ = {isa = PBXBuildFile; fileRef = 1FE2311F2764CF7600235C80 /* TestUserService.swift */; };
		1FF286C6278073E800CE8D01 /* LoginViewControllerDelegate.swift in Sources */ = {isa = PBXBuildFile; fileRef = 1FF286C5278073E800CE8D01 /* LoginViewControllerDelegate.swift */; };
		1FF286C82780744F00CE8D01 /* LoginInspector.swift in Sources */ = {isa = PBXBuildFile; fileRef = 1FF286C72780744F00CE8D01 /* LoginInspector.swift */; };
		1FF35ABF275CCFC1008AF342 /* StorageService.h in Headers */ = {isa = PBXBuildFile; fileRef = 1FF35ABE275CCFC1008AF342 /* StorageService.h */; settings = {ATTRIBUTES = (Public, ); }; };
		1FF35AC2275CCFC1008AF342 /* StorageService.framework in Frameworks */ = {isa = PBXBuildFile; fileRef = 1FF35ABC275CCFC1008AF342 /* StorageService.framework */; };
		1FF35AC3275CCFC1008AF342 /* StorageService.framework in Embed Frameworks */ = {isa = PBXBuildFile; fileRef = 1FF35ABC275CCFC1008AF342 /* StorageService.framework */; settings = {ATTRIBUTES = (CodeSignOnCopy, RemoveHeadersOnCopy, ); }; };
		1FF35AC8275CCFD7008AF342 /* Post.swift in Sources */ = {isa = PBXBuildFile; fileRef = 1F2A9E3226DA1AC800542900 /* Post.swift */; };
		1FFC9FD0279424910069C288 /* SystemButton.swift in Sources */ = {isa = PBXBuildFile; fileRef = 1FFC9FCF279424910069C288 /* SystemButton.swift */; };
		1FFC9FD4279433CD0069C288 /* InputTextView.swift in Sources */ = {isa = PBXBuildFile; fileRef = 1FFC9FD3279433CD0069C288 /* InputTextView.swift */; };
		1FFC9FD6279448A60069C288 /* WordChecker.swift in Sources */ = {isa = PBXBuildFile; fileRef = 1FFC9FD5279448A60069C288 /* WordChecker.swift */; };
		2B55B15E4656448E0E3B8C79 /* Pods_Netology_iOS_homeworks.framework in Frameworks */ = {isa = PBXBuildFile; fileRef = 036C0630F0F913A6C4876CD5 /* Pods_Netology_iOS_homeworks.framework */; };
		6D01CB0C27A1643700CE9481 /* Coordinator.swift in Sources */ = {isa = PBXBuildFile; fileRef = 6D01CB0B27A1643700CE9481 /* Coordinator.swift */; };
		6D01CB1027A164BC00CE9481 /* ApplicationCoordinator.swift in Sources */ = {isa = PBXBuildFile; fileRef = 6D01CB0F27A164BC00CE9481 /* ApplicationCoordinator.swift */; };
		6D01CB1227A1657700CE9481 /* ProfileCoordinator.swift in Sources */ = {isa = PBXBuildFile; fileRef = 6D01CB1127A1657700CE9481 /* ProfileCoordinator.swift */; };
		6D01CB1427A1657D00CE9481 /* FeedCoordinator.swift in Sources */ = {isa = PBXBuildFile; fileRef = 6D01CB1327A1657D00CE9481 /* FeedCoordinator.swift */; };
		6D01CB1627A167F600CE9481 /* TabBarCoordinator.swift in Sources */ = {isa = PBXBuildFile; fileRef = 6D01CB1527A167F600CE9481 /* TabBarCoordinator.swift */; };
		6D426FC227808C4A003DC4CE /* LoginFactory.swift in Sources */ = {isa = PBXBuildFile; fileRef = 6D426FC127808C4A003DC4CE /* LoginFactory.swift */; };
		6D426FC427808C99003DC4CE /* DefaultLoginFactory.swift in Sources */ = {isa = PBXBuildFile; fileRef = 6D426FC327808C99003DC4CE /* DefaultLoginFactory.swift */; };
		6D54F91E27B0E7C2009544CC /* BruteForcier.swift in Sources */ = {isa = PBXBuildFile; fileRef = 6D54F91D27B0E7C2009544CC /* BruteForcier.swift */; };
		6D54F92627B0EFFA009544CC /* BruteForcierTests.swift in Sources */ = {isa = PBXBuildFile; fileRef = 6D54F92527B0EFFA009544CC /* BruteForcierTests.swift */; };
		6D54F92D27B14B81009544CC /* RandomStringGenerator.swift in Sources */ = {isa = PBXBuildFile; fileRef = 6D54F92C27B14B81009544CC /* RandomStringGenerator.swift */; };
		6D5E110D28518A1B0065E181 /* Realm in Frameworks */ = {isa = PBXBuildFile; productRef = 6D5E110C28518A1B0065E181 /* Realm */; };
		6D5E110F28518A1B0065E181 /* RealmSwift in Frameworks */ = {isa = PBXBuildFile; productRef = 6D5E110E28518A1B0065E181 /* RealmSwift */; };
		6D5E111228518A670065E181 /* RealmAuthorizedUser.swift in Sources */ = {isa = PBXBuildFile; fileRef = 6D5E111128518A670065E181 /* RealmAuthorizedUser.swift */; };
		6D5E111628518B520065E181 /* AuthorizedUserService.swift in Sources */ = {isa = PBXBuildFile; fileRef = 6D5E111528518B520065E181 /* AuthorizedUserService.swift */; };
		6D5E111828518C0A0065E181 /* RealmAuthorizedUserService.swift in Sources */ = {isa = PBXBuildFile; fileRef = 6D5E111728518C0A0065E181 /* RealmAuthorizedUserService.swift */; };
		6D5E111A2851965D0065E181 /* AuthorizedUserInfo.swift in Sources */ = {isa = PBXBuildFile; fileRef = 6D5E11192851965D0065E181 /* AuthorizedUserInfo.swift */; };
		6D5E111C2851A0FA0065E181 /* Login.swift in Sources */ = {isa = PBXBuildFile; fileRef = 6D5E111B2851A0FA0065E181 /* Login.swift */; };
		6D5E111E285825AE0065E181 /* Password.swift in Sources */ = {isa = PBXBuildFile; fileRef = 6D5E111D285825AE0065E181 /* Password.swift */; };
		6D73CA352813E204001563BD /* NetworkService.swift in Sources */ = {isa = PBXBuildFile; fileRef = 6D73CA342813E204001563BD /* NetworkService.swift */; };
		6D73CA372813E2FE001563BD /* AppConfiguration.swift in Sources */ = {isa = PBXBuildFile; fileRef = 6D73CA362813E2FE001563BD /* AppConfiguration.swift */; };
		6DA62B0E281BCF2000DD73DD /* TestDocument.swift in Sources */ = {isa = PBXBuildFile; fileRef = 6DA62B0D281BCF2000DD73DD /* TestDocument.swift */; };
		6DA62B10281BCFBC00DD73DD /* TestURLs.swift in Sources */ = {isa = PBXBuildFile; fileRef = 6DA62B0F281BCFBC00DD73DD /* TestURLs.swift */; };
		6DA62B122820E61600DD73DD /* UILabel+labelWithText.swift in Sources */ = {isa = PBXBuildFile; fileRef = 6DA62B112820E61600DD73DD /* UILabel+labelWithText.swift */; };
		6DA62B142820E9D700DD73DD /* Planet.swift in Sources */ = {isa = PBXBuildFile; fileRef = 6DA62B132820E9D700DD73DD /* Planet.swift */; };
		6DA62B1B2820FE1400DD73DD /* People.swift in Sources */ = {isa = PBXBuildFile; fileRef = 6DA62B1A2820FE1400DD73DD /* People.swift */; };
		6DB3E9FB27C5E9C800130B8E /* MultimediaViewController.swift in Sources */ = {isa = PBXBuildFile; fileRef = 6DB3E9FA27C5E9C800130B8E /* MultimediaViewController.swift */; };
		6DB3E9FD27C5EB1100130B8E /* TitleButtonsCell.swift in Sources */ = {isa = PBXBuildFile; fileRef = 6DB3E9FC27C5EB1100130B8E /* TitleButtonsCell.swift */; };
		6DB3E9FF27C5EB5000130B8E /* AudioPlayer.swift in Sources */ = {isa = PBXBuildFile; fileRef = 6DB3E9FE27C5EB5000130B8E /* AudioPlayer.swift */; };
		6DB3EA0127C5EBF400130B8E /* DefaultAudioPlayer.swift in Sources */ = {isa = PBXBuildFile; fileRef = 6DB3EA0027C5EBF400130B8E /* DefaultAudioPlayer.swift */; };
		6DB3EA0327C5ECB400130B8E /* AudioPlayerDelegate.swift in Sources */ = {isa = PBXBuildFile; fileRef = 6DB3EA0227C5ECB400130B8E /* AudioPlayerDelegate.swift */; };
		6DB3EA0527C5FF8900130B8E /* MultimediaCoordinator.swift in Sources */ = {isa = PBXBuildFile; fileRef = 6DB3EA0427C5FF8900130B8E /* MultimediaCoordinator.swift */; };
		6DB3EA0727C6018F00130B8E /* MultimediaStore.swift in Sources */ = {isa = PBXBuildFile; fileRef = 6DB3EA0627C6018F00130B8E /* MultimediaStore.swift */; };
		6DB3EA0927C601DD00130B8E /* Queen.mp3 in Resources */ = {isa = PBXBuildFile; fileRef = 6DB3EA0827C601DD00130B8E /* Queen.mp3 */; };
		6DB3EA1027C611C400130B8E /* sample-9s.mp3 in Resources */ = {isa = PBXBuildFile; fileRef = 6DB3EA0B27C611C400130B8E /* sample-9s.mp3 */; };
		6DB3EA1127C611C400130B8E /* sample-6s.mp3 in Resources */ = {isa = PBXBuildFile; fileRef = 6DB3EA0C27C611C400130B8E /* sample-6s.mp3 */; };
		6DB3EA1227C611C400130B8E /* sample-15s.mp3 in Resources */ = {isa = PBXBuildFile; fileRef = 6DB3EA0D27C611C400130B8E /* sample-15s.mp3 */; };
		6DB3EA1327C611C400130B8E /* file_example_MP3_700KB.mp3 in Resources */ = {isa = PBXBuildFile; fileRef = 6DB3EA0E27C611C400130B8E /* file_example_MP3_700KB.mp3 */; };
		6DB3EA1427C611C400130B8E /* sample-12s.mp3 in Resources */ = {isa = PBXBuildFile; fileRef = 6DB3EA0F27C611C400130B8E /* sample-12s.mp3 */; };
		6DB3EA1727C625F700130B8E /* YouTubeiOSPlayerHelper in Frameworks */ = {isa = PBXBuildFile; productRef = 6DB3EA1627C625F700130B8E /* YouTubeiOSPlayerHelper */; };
		6DB3EA1B27C63A4C00130B8E /* YoutubeVideoCell.swift in Sources */ = {isa = PBXBuildFile; fileRef = 6DB3EA1A27C63A4C00130B8E /* YoutubeVideoCell.swift */; };
		6DB3EA1D27C656D400130B8E /* AudioRecorder.swift in Sources */ = {isa = PBXBuildFile; fileRef = 6DB3EA1C27C656D400130B8E /* AudioRecorder.swift */; };
		6DB3EA1F27C657DD00130B8E /* AudioRecorderDelegate.swift in Sources */ = {isa = PBXBuildFile; fileRef = 6DB3EA1E27C657DD00130B8E /* AudioRecorderDelegate.swift */; };
		6DB3EA2127C6581400130B8E /* DefaultAudioRecorder.swift in Sources */ = {isa = PBXBuildFile; fileRef = 6DB3EA2027C6581400130B8E /* DefaultAudioRecorder.swift */; };
		6DB5C337283A148600471775 /* LoginInspectorError.swift in Sources */ = {isa = PBXBuildFile; fileRef = 6DB5C336283A148600471775 /* LoginInspectorError.swift */; };
		6DBA679B27BF7EAF00468CF5 /* UIColor+randomColor.swift in Sources */ = {isa = PBXBuildFile; fileRef = 6DBA679A27BF7EAF00468CF5 /* UIColor+randomColor.swift */; };
		6DC0BA5127A5765800094007 /* LoginViewPresenter.swift in Sources */ = {isa = PBXBuildFile; fileRef = 6DC0BA5027A5765800094007 /* LoginViewPresenter.swift */; };
		6DC0BA5327A576B000094007 /* LoginViewInput.swift in Sources */ = {isa = PBXBuildFile; fileRef = 6DC0BA5227A576B000094007 /* LoginViewInput.swift */; };
		6DC0BA5527A576BB00094007 /* LoginViewOutput.swift in Sources */ = {isa = PBXBuildFile; fileRef = 6DC0BA5427A576BB00094007 /* LoginViewOutput.swift */; };
		6DC0BA5727A5802F00094007 /* ModuleFactory.swift in Sources */ = {isa = PBXBuildFile; fileRef = 6DC0BA5627A5802F00094007 /* ModuleFactory.swift */; };
		6DC0BA5927A6489E00094007 /* Task8ProcessImagesOnThreadTester.swift in Sources */ = {isa = PBXBuildFile; fileRef = 6DC0BA5827A6489E00094007 /* Task8ProcessImagesOnThreadTester.swift */; };
		6DCD248028260C15009E10A9 /* GoogleService-Info.plist in Resources */ = {isa = PBXBuildFile; fileRef = 6DCD247F28260C15009E10A9 /* GoogleService-Info.plist */; };
		6DCD24832826137F009E10A9 /* FirebaseAuth in Frameworks */ = {isa = PBXBuildFile; productRef = 6DCD24822826137F009E10A9 /* FirebaseAuth */; };
		6DCD24852827640B009E10A9 /* FirebaseAuthTests.swift in Sources */ = {isa = PBXBuildFile; fileRef = 6DCD24842827640B009E10A9 /* FirebaseAuthTests.swift */; };
		6DCD24862827641B009E10A9 /* GoogleService-Info.plist in Resources */ = {isa = PBXBuildFile; fileRef = 6DCD247F28260C15009E10A9 /* GoogleService-Info.plist */; };
		6DCD248928277039009E10A9 /* GoogleService-Info.plist in Resources */ = {isa = PBXBuildFile; fileRef = 6DCD247F28260C15009E10A9 /* GoogleService-Info.plist */; };
		6DED7A0326F43F1C00A5CB5B /* PhotosTableViewCell.swift in Sources */ = {isa = PBXBuildFile; fileRef = 6DED7A0226F43F1C00A5CB5B /* PhotosTableViewCell.swift */; };
		6DED7A0526F43F7600A5CB5B /* PhotosStore.swift in Sources */ = {isa = PBXBuildFile; fileRef = 6DED7A0426F43F7600A5CB5B /* PhotosStore.swift */; };
		6DED7A0726F4607500A5CB5B /* UIStackView+removeAllArrangedSubviews.swift in Sources */ = {isa = PBXBuildFile; fileRef = 6DED7A0626F4607500A5CB5B /* UIStackView+removeAllArrangedSubviews.swift */; };
		6DED7A0926F473D600A5CB5B /* PhotosViewController.swift in Sources */ = {isa = PBXBuildFile; fileRef = 6DED7A0826F473D600A5CB5B /* PhotosViewController.swift */; };
		6DED7A0B26F7032700A5CB5B /* UIApplication+keyWindowiOS13.swift in Sources */ = {isa = PBXBuildFile; fileRef = 6DED7A0A26F7032700A5CB5B /* UIApplication+keyWindowiOS13.swift */; };
		6DEF31FF26EC4F6E000D466F /* LogInViewController.swift in Sources */ = {isa = PBXBuildFile; fileRef = 6DEF31FE26EC4F6E000D466F /* LogInViewController.swift */; };
		6DF5CABC26D8AB3C000B030F /* FeedViewController.swift in Sources */ = {isa = PBXBuildFile; fileRef = 6DF5CABB26D8AB3C000B030F /* FeedViewController.swift */; };
		6DF5CAC526D8DC6E000B030F /* PostViewController.swift in Sources */ = {isa = PBXBuildFile; fileRef = 6DF5CAC326D8DC6E000B030F /* PostViewController.swift */; };
		6DF5CACB26DA754F000B030F /* UIView+extenstions.swift in Sources */ = {isa = PBXBuildFile; fileRef = 6DF5CACA26DA754F000B030F /* UIView+extenstions.swift */; };
/* End PBXBuildFile section */

/* Begin PBXContainerItemProxy section */
		1FF35AC0275CCFC1008AF342 /* PBXContainerItemProxy */ = {
			isa = PBXContainerItemProxy;
			containerPortal = 1F9F323F26D251DA00CB1285 /* Project object */;
			proxyType = 1;
			remoteGlobalIDString = 1FF35ABB275CCFC1008AF342;
			remoteInfo = StorageService;
		};
		6D54F92727B0EFFA009544CC /* PBXContainerItemProxy */ = {
			isa = PBXContainerItemProxy;
			containerPortal = 1F9F323F26D251DA00CB1285 /* Project object */;
			proxyType = 1;
			remoteGlobalIDString = 1F9F324626D251DA00CB1285;
			remoteInfo = "Netology iOS homeworks";
		};
/* End PBXContainerItemProxy section */

/* Begin PBXCopyFilesBuildPhase section */
		1FF35AC4275CCFC1008AF342 /* Embed Frameworks */ = {
			isa = PBXCopyFilesBuildPhase;
			buildActionMask = 2147483647;
			dstPath = "";
			dstSubfolderSpec = 10;
			files = (
				1FF35AC3275CCFC1008AF342 /* StorageService.framework in Embed Frameworks */,
			);
			name = "Embed Frameworks";
			runOnlyForDeploymentPostprocessing = 0;
		};
/* End PBXCopyFilesBuildPhase section */

/* Begin PBXFileReference section */
		036C0630F0F913A6C4876CD5 /* Pods_Netology_iOS_homeworks.framework */ = {isa = PBXFileReference; explicitFileType = wrapper.framework; includeInIndex = 0; path = Pods_Netology_iOS_homeworks.framework; sourceTree = BUILT_PRODUCTS_DIR; };
		1F2A9E3226DA1AC800542900 /* Post.swift */ = {isa = PBXFileReference; lastKnownFileType = sourcecode.swift; path = Post.swift; sourceTree = "<group>"; };
		1F2A9E3526DA1B6300542900 /* InfoViewController.swift */ = {isa = PBXFileReference; lastKnownFileType = sourcecode.swift; path = InfoViewController.swift; sourceTree = "<group>"; };
		1F5B736C26EDD6440075597B /* UIImage+extensions.swift */ = {isa = PBXFileReference; lastKnownFileType = sourcecode.swift; path = "UIImage+extensions.swift"; sourceTree = "<group>"; };
		1F5B736E26EE007E0075597B /* UIScrollView+scrollToVerticalEnd.swift */ = {isa = PBXFileReference; lastKnownFileType = sourcecode.swift; path = "UIScrollView+scrollToVerticalEnd.swift"; sourceTree = "<group>"; };
		1F5B737026EE11F90075597B /* PostTableViewCell.swift */ = {isa = PBXFileReference; lastKnownFileType = sourcecode.swift; path = PostTableViewCell.swift; sourceTree = "<group>"; };
		1F7B418926F59F5D004BEB2F /* PhotosCollectionViewCell.swift */ = {isa = PBXFileReference; lastKnownFileType = sourcecode.swift; path = PhotosCollectionViewCell.swift; sourceTree = "<group>"; };
		1F9E705B26E10F180019098B /* ProfileHeaderView.swift */ = {isa = PBXFileReference; lastKnownFileType = sourcecode.swift; path = ProfileHeaderView.swift; sourceTree = "<group>"; };
		1F9F324726D251DA00CB1285 /* Netology iOS homeworks.app */ = {isa = PBXFileReference; explicitFileType = wrapper.application; includeInIndex = 0; path = "Netology iOS homeworks.app"; sourceTree = BUILT_PRODUCTS_DIR; };
		1F9F324A26D251DA00CB1285 /* AppDelegate.swift */ = {isa = PBXFileReference; lastKnownFileType = sourcecode.swift; path = AppDelegate.swift; sourceTree = "<group>"; };
		1F9F324C26D251DA00CB1285 /* SceneDelegate.swift */ = {isa = PBXFileReference; lastKnownFileType = sourcecode.swift; path = SceneDelegate.swift; sourceTree = "<group>"; };
		1F9F325326D251DB00CB1285 /* Assets.xcassets */ = {isa = PBXFileReference; lastKnownFileType = folder.assetcatalog; path = Assets.xcassets; sourceTree = "<group>"; };
		1F9F325626D251DB00CB1285 /* Base */ = {isa = PBXFileReference; lastKnownFileType = file.storyboard; name = Base; path = Base.lproj/LaunchScreen.storyboard; sourceTree = "<group>"; };
		1F9F325826D251DB00CB1285 /* Info.plist */ = {isa = PBXFileReference; lastKnownFileType = text.plist.xml; path = Info.plist; sourceTree = "<group>"; };
		1F9F326026D2581300CB1285 /* ProfileView.swift */ = {isa = PBXFileReference; lastKnownFileType = sourcecode.swift; path = ProfileView.swift; sourceTree = "<group>"; };
		1F9F326426D2612400CB1285 /* ProfileViewController.swift */ = {isa = PBXFileReference; lastKnownFileType = sourcecode.swift; path = ProfileViewController.swift; sourceTree = "<group>"; };
		1FE231122764C0A000235C80 /* User.swift */ = {isa = PBXFileReference; lastKnownFileType = sourcecode.swift; path = User.swift; sourceTree = "<group>"; };
		1FE231152764C14500235C80 /* User+avatar.swift */ = {isa = PBXFileReference; lastKnownFileType = sourcecode.swift; path = "User+avatar.swift"; sourceTree = "<group>"; };
		1FE231172764C1F200235C80 /* UserService.swift */ = {isa = PBXFileReference; lastKnownFileType = sourcecode.swift; path = UserService.swift; sourceTree = "<group>"; };
		1FE231192764C22F00235C80 /* CurrentUserService.swift */ = {isa = PBXFileReference; lastKnownFileType = sourcecode.swift; path = CurrentUserService.swift; sourceTree = "<group>"; };
		1FE2311D2764C65A00235C80 /* UIAlertController+infoAlert.swift */ = {isa = PBXFileReference; lastKnownFileType = sourcecode.swift; path = "UIAlertController+infoAlert.swift"; sourceTree = "<group>"; };
		1FE2311F2764CF7600235C80 /* TestUserService.swift */ = {isa = PBXFileReference; lastKnownFileType = sourcecode.swift; path = TestUserService.swift; sourceTree = "<group>"; };
		1FF286C5278073E800CE8D01 /* LoginViewControllerDelegate.swift */ = {isa = PBXFileReference; lastKnownFileType = sourcecode.swift; path = LoginViewControllerDelegate.swift; sourceTree = "<group>"; };
		1FF286C72780744F00CE8D01 /* LoginInspector.swift */ = {isa = PBXFileReference; lastKnownFileType = sourcecode.swift; path = LoginInspector.swift; sourceTree = "<group>"; };
		1FF35ABC275CCFC1008AF342 /* StorageService.framework */ = {isa = PBXFileReference; explicitFileType = wrapper.framework; includeInIndex = 0; path = StorageService.framework; sourceTree = BUILT_PRODUCTS_DIR; };
		1FF35ABE275CCFC1008AF342 /* StorageService.h */ = {isa = PBXFileReference; lastKnownFileType = sourcecode.c.h; path = StorageService.h; sourceTree = "<group>"; };
		1FFC9FCF279424910069C288 /* SystemButton.swift */ = {isa = PBXFileReference; lastKnownFileType = sourcecode.swift; path = SystemButton.swift; sourceTree = "<group>"; };
		1FFC9FD3279433CD0069C288 /* InputTextView.swift */ = {isa = PBXFileReference; lastKnownFileType = sourcecode.swift; path = InputTextView.swift; sourceTree = "<group>"; };
		1FFC9FD5279448A60069C288 /* WordChecker.swift */ = {isa = PBXFileReference; fileEncoding = 4; lastKnownFileType = sourcecode.swift; path = WordChecker.swift; sourceTree = "<group>"; };
		6D01CB0B27A1643700CE9481 /* Coordinator.swift */ = {isa = PBXFileReference; lastKnownFileType = sourcecode.swift; path = Coordinator.swift; sourceTree = "<group>"; };
		6D01CB0F27A164BC00CE9481 /* ApplicationCoordinator.swift */ = {isa = PBXFileReference; lastKnownFileType = sourcecode.swift; path = ApplicationCoordinator.swift; sourceTree = "<group>"; };
		6D01CB1127A1657700CE9481 /* ProfileCoordinator.swift */ = {isa = PBXFileReference; lastKnownFileType = sourcecode.swift; path = ProfileCoordinator.swift; sourceTree = "<group>"; };
		6D01CB1327A1657D00CE9481 /* FeedCoordinator.swift */ = {isa = PBXFileReference; lastKnownFileType = sourcecode.swift; path = FeedCoordinator.swift; sourceTree = "<group>"; };
		6D01CB1527A167F600CE9481 /* TabBarCoordinator.swift */ = {isa = PBXFileReference; lastKnownFileType = sourcecode.swift; path = TabBarCoordinator.swift; sourceTree = "<group>"; };
		6D426FC127808C4A003DC4CE /* LoginFactory.swift */ = {isa = PBXFileReference; lastKnownFileType = sourcecode.swift; path = LoginFactory.swift; sourceTree = "<group>"; };
		6D426FC327808C99003DC4CE /* DefaultLoginFactory.swift */ = {isa = PBXFileReference; lastKnownFileType = sourcecode.swift; path = DefaultLoginFactory.swift; sourceTree = "<group>"; };
		6D54F91D27B0E7C2009544CC /* BruteForcier.swift */ = {isa = PBXFileReference; lastKnownFileType = sourcecode.swift; path = BruteForcier.swift; sourceTree = "<group>"; };
		6D54F92327B0EFFA009544CC /* Netology iOS homeworksTests.xctest */ = {isa = PBXFileReference; explicitFileType = wrapper.cfbundle; includeInIndex = 0; path = "Netology iOS homeworksTests.xctest"; sourceTree = BUILT_PRODUCTS_DIR; };
		6D54F92527B0EFFA009544CC /* BruteForcierTests.swift */ = {isa = PBXFileReference; lastKnownFileType = sourcecode.swift; path = BruteForcierTests.swift; sourceTree = "<group>"; };
		6D54F92C27B14B81009544CC /* RandomStringGenerator.swift */ = {isa = PBXFileReference; lastKnownFileType = sourcecode.swift; path = RandomStringGenerator.swift; sourceTree = "<group>"; };
		6D5E111128518A670065E181 /* RealmAuthorizedUser.swift */ = {isa = PBXFileReference; lastKnownFileType = sourcecode.swift; path = RealmAuthorizedUser.swift; sourceTree = "<group>"; };
		6D5E111528518B520065E181 /* AuthorizedUserService.swift */ = {isa = PBXFileReference; lastKnownFileType = sourcecode.swift; path = AuthorizedUserService.swift; sourceTree = "<group>"; };
		6D5E111728518C0A0065E181 /* RealmAuthorizedUserService.swift */ = {isa = PBXFileReference; lastKnownFileType = sourcecode.swift; path = RealmAuthorizedUserService.swift; sourceTree = "<group>"; };
		6D5E11192851965D0065E181 /* AuthorizedUserInfo.swift */ = {isa = PBXFileReference; lastKnownFileType = sourcecode.swift; path = AuthorizedUserInfo.swift; sourceTree = "<group>"; };
		6D5E111B2851A0FA0065E181 /* Login.swift */ = {isa = PBXFileReference; lastKnownFileType = sourcecode.swift; path = Login.swift; sourceTree = "<group>"; };
		6D5E111D285825AE0065E181 /* Password.swift */ = {isa = PBXFileReference; lastKnownFileType = sourcecode.swift; path = Password.swift; sourceTree = "<group>"; };
		6D73CA342813E204001563BD /* NetworkService.swift */ = {isa = PBXFileReference; lastKnownFileType = sourcecode.swift; path = NetworkService.swift; sourceTree = "<group>"; };
		6D73CA362813E2FE001563BD /* AppConfiguration.swift */ = {isa = PBXFileReference; lastKnownFileType = sourcecode.swift; path = AppConfiguration.swift; sourceTree = "<group>"; };
		6DA62B0D281BCF2000DD73DD /* TestDocument.swift */ = {isa = PBXFileReference; lastKnownFileType = sourcecode.swift; path = TestDocument.swift; sourceTree = "<group>"; };
		6DA62B0F281BCFBC00DD73DD /* TestURLs.swift */ = {isa = PBXFileReference; lastKnownFileType = sourcecode.swift; path = TestURLs.swift; sourceTree = "<group>"; };
		6DA62B112820E61600DD73DD /* UILabel+labelWithText.swift */ = {isa = PBXFileReference; lastKnownFileType = sourcecode.swift; path = "UILabel+labelWithText.swift"; sourceTree = "<group>"; };
		6DA62B132820E9D700DD73DD /* Planet.swift */ = {isa = PBXFileReference; lastKnownFileType = sourcecode.swift; path = Planet.swift; sourceTree = "<group>"; };
		6DA62B1A2820FE1400DD73DD /* People.swift */ = {isa = PBXFileReference; lastKnownFileType = sourcecode.swift; path = People.swift; sourceTree = "<group>"; };
		6DB3E9FA27C5E9C800130B8E /* MultimediaViewController.swift */ = {isa = PBXFileReference; lastKnownFileType = sourcecode.swift; path = MultimediaViewController.swift; sourceTree = "<group>"; };
		6DB3E9FC27C5EB1100130B8E /* TitleButtonsCell.swift */ = {isa = PBXFileReference; lastKnownFileType = sourcecode.swift; path = TitleButtonsCell.swift; sourceTree = "<group>"; };
		6DB3E9FE27C5EB5000130B8E /* AudioPlayer.swift */ = {isa = PBXFileReference; lastKnownFileType = sourcecode.swift; path = AudioPlayer.swift; sourceTree = "<group>"; };
		6DB3EA0027C5EBF400130B8E /* DefaultAudioPlayer.swift */ = {isa = PBXFileReference; lastKnownFileType = sourcecode.swift; path = DefaultAudioPlayer.swift; sourceTree = "<group>"; };
		6DB3EA0227C5ECB400130B8E /* AudioPlayerDelegate.swift */ = {isa = PBXFileReference; lastKnownFileType = sourcecode.swift; path = AudioPlayerDelegate.swift; sourceTree = "<group>"; };
		6DB3EA0427C5FF8900130B8E /* MultimediaCoordinator.swift */ = {isa = PBXFileReference; lastKnownFileType = sourcecode.swift; path = MultimediaCoordinator.swift; sourceTree = "<group>"; };
		6DB3EA0627C6018F00130B8E /* MultimediaStore.swift */ = {isa = PBXFileReference; lastKnownFileType = sourcecode.swift; path = MultimediaStore.swift; sourceTree = "<group>"; };
		6DB3EA0827C601DD00130B8E /* Queen.mp3 */ = {isa = PBXFileReference; lastKnownFileType = audio.mp3; path = Queen.mp3; sourceTree = "<group>"; };
		6DB3EA0B27C611C400130B8E /* sample-9s.mp3 */ = {isa = PBXFileReference; lastKnownFileType = audio.mp3; path = "sample-9s.mp3"; sourceTree = "<group>"; };
		6DB3EA0C27C611C400130B8E /* sample-6s.mp3 */ = {isa = PBXFileReference; lastKnownFileType = audio.mp3; path = "sample-6s.mp3"; sourceTree = "<group>"; };
		6DB3EA0D27C611C400130B8E /* sample-15s.mp3 */ = {isa = PBXFileReference; lastKnownFileType = audio.mp3; path = "sample-15s.mp3"; sourceTree = "<group>"; };
		6DB3EA0E27C611C400130B8E /* file_example_MP3_700KB.mp3 */ = {isa = PBXFileReference; lastKnownFileType = audio.mp3; path = file_example_MP3_700KB.mp3; sourceTree = "<group>"; };
		6DB3EA0F27C611C400130B8E /* sample-12s.mp3 */ = {isa = PBXFileReference; lastKnownFileType = audio.mp3; path = "sample-12s.mp3"; sourceTree = "<group>"; };
		6DB3EA1A27C63A4C00130B8E /* YoutubeVideoCell.swift */ = {isa = PBXFileReference; lastKnownFileType = sourcecode.swift; path = YoutubeVideoCell.swift; sourceTree = "<group>"; };
		6DB3EA1C27C656D400130B8E /* AudioRecorder.swift */ = {isa = PBXFileReference; lastKnownFileType = sourcecode.swift; path = AudioRecorder.swift; sourceTree = "<group>"; };
		6DB3EA1E27C657DD00130B8E /* AudioRecorderDelegate.swift */ = {isa = PBXFileReference; lastKnownFileType = sourcecode.swift; path = AudioRecorderDelegate.swift; sourceTree = "<group>"; };
		6DB3EA2027C6581400130B8E /* DefaultAudioRecorder.swift */ = {isa = PBXFileReference; lastKnownFileType = sourcecode.swift; path = DefaultAudioRecorder.swift; sourceTree = "<group>"; };
		6DB5C336283A148600471775 /* LoginInspectorError.swift */ = {isa = PBXFileReference; lastKnownFileType = sourcecode.swift; path = LoginInspectorError.swift; sourceTree = "<group>"; };
		6DBA679A27BF7EAF00468CF5 /* UIColor+randomColor.swift */ = {isa = PBXFileReference; lastKnownFileType = sourcecode.swift; path = "UIColor+randomColor.swift"; sourceTree = "<group>"; };
		6DC0BA5027A5765800094007 /* LoginViewPresenter.swift */ = {isa = PBXFileReference; lastKnownFileType = sourcecode.swift; path = LoginViewPresenter.swift; sourceTree = "<group>"; };
		6DC0BA5227A576B000094007 /* LoginViewInput.swift */ = {isa = PBXFileReference; lastKnownFileType = sourcecode.swift; path = LoginViewInput.swift; sourceTree = "<group>"; };
		6DC0BA5427A576BB00094007 /* LoginViewOutput.swift */ = {isa = PBXFileReference; lastKnownFileType = sourcecode.swift; path = LoginViewOutput.swift; sourceTree = "<group>"; };
		6DC0BA5627A5802F00094007 /* ModuleFactory.swift */ = {isa = PBXFileReference; lastKnownFileType = sourcecode.swift; path = ModuleFactory.swift; sourceTree = "<group>"; };
		6DC0BA5827A6489E00094007 /* Task8ProcessImagesOnThreadTester.swift */ = {isa = PBXFileReference; lastKnownFileType = sourcecode.swift; path = Task8ProcessImagesOnThreadTester.swift; sourceTree = "<group>"; };
		6DCD247F28260C15009E10A9 /* GoogleService-Info.plist */ = {isa = PBXFileReference; fileEncoding = 4; lastKnownFileType = text.plist.xml; path = "GoogleService-Info.plist"; sourceTree = "<group>"; };
		6DCD24842827640B009E10A9 /* FirebaseAuthTests.swift */ = {isa = PBXFileReference; lastKnownFileType = sourcecode.swift; path = FirebaseAuthTests.swift; sourceTree = "<group>"; };
		6DED7A0226F43F1C00A5CB5B /* PhotosTableViewCell.swift */ = {isa = PBXFileReference; lastKnownFileType = sourcecode.swift; path = PhotosTableViewCell.swift; sourceTree = "<group>"; };
		6DED7A0426F43F7600A5CB5B /* PhotosStore.swift */ = {isa = PBXFileReference; lastKnownFileType = sourcecode.swift; path = PhotosStore.swift; sourceTree = "<group>"; };
		6DED7A0626F4607500A5CB5B /* UIStackView+removeAllArrangedSubviews.swift */ = {isa = PBXFileReference; lastKnownFileType = sourcecode.swift; path = "UIStackView+removeAllArrangedSubviews.swift"; sourceTree = "<group>"; };
		6DED7A0826F473D600A5CB5B /* PhotosViewController.swift */ = {isa = PBXFileReference; lastKnownFileType = sourcecode.swift; path = PhotosViewController.swift; sourceTree = "<group>"; };
		6DED7A0A26F7032700A5CB5B /* UIApplication+keyWindowiOS13.swift */ = {isa = PBXFileReference; lastKnownFileType = sourcecode.swift; path = "UIApplication+keyWindowiOS13.swift"; sourceTree = "<group>"; };
		6DEF31FE26EC4F6E000D466F /* LogInViewController.swift */ = {isa = PBXFileReference; lastKnownFileType = sourcecode.swift; path = LogInViewController.swift; sourceTree = "<group>"; };
		6DF5CABB26D8AB3C000B030F /* FeedViewController.swift */ = {isa = PBXFileReference; lastKnownFileType = sourcecode.swift; path = FeedViewController.swift; sourceTree = "<group>"; };
		6DF5CAC326D8DC6E000B030F /* PostViewController.swift */ = {isa = PBXFileReference; lastKnownFileType = sourcecode.swift; path = PostViewController.swift; sourceTree = "<group>"; };
		6DF5CACA26DA754F000B030F /* UIView+extenstions.swift */ = {isa = PBXFileReference; lastKnownFileType = sourcecode.swift; path = "UIView+extenstions.swift"; sourceTree = "<group>"; };
		C53D6CD2F63824794BBD04A4 /* Pods-Netology iOS homeworks.release.xcconfig */ = {isa = PBXFileReference; includeInIndex = 1; lastKnownFileType = text.xcconfig; name = "Pods-Netology iOS homeworks.release.xcconfig"; path = "Target Support Files/Pods-Netology iOS homeworks/Pods-Netology iOS homeworks.release.xcconfig"; sourceTree = "<group>"; };
		E312B70910161C1DF1AAC7C0 /* Pods-Netology iOS homeworks.debug.xcconfig */ = {isa = PBXFileReference; includeInIndex = 1; lastKnownFileType = text.xcconfig; name = "Pods-Netology iOS homeworks.debug.xcconfig"; path = "Target Support Files/Pods-Netology iOS homeworks/Pods-Netology iOS homeworks.debug.xcconfig"; sourceTree = "<group>"; };
/* End PBXFileReference section */

/* Begin PBXFrameworksBuildPhase section */
		1F9F324426D251DA00CB1285 /* Frameworks */ = {
			isa = PBXFrameworksBuildPhase;
			buildActionMask = 2147483647;
			files = (
				6D5E110D28518A1B0065E181 /* Realm in Frameworks */,
				2B55B15E4656448E0E3B8C79 /* Pods_Netology_iOS_homeworks.framework in Frameworks */,
				6D5E110F28518A1B0065E181 /* RealmSwift in Frameworks */,
				6DCD24832826137F009E10A9 /* FirebaseAuth in Frameworks */,
				1F155D762764923300926692 /* iOSIntPackage in Frameworks */,
				1FF35AC2275CCFC1008AF342 /* StorageService.framework in Frameworks */,
				6DB3EA1727C625F700130B8E /* YouTubeiOSPlayerHelper in Frameworks */,
			);
			runOnlyForDeploymentPostprocessing = 0;
		};
		1FF35AB9275CCFC1008AF342 /* Frameworks */ = {
			isa = PBXFrameworksBuildPhase;
			buildActionMask = 2147483647;
			files = (
			);
			runOnlyForDeploymentPostprocessing = 0;
		};
		6D54F92027B0EFFA009544CC /* Frameworks */ = {
			isa = PBXFrameworksBuildPhase;
			buildActionMask = 2147483647;
			files = (
			);
			runOnlyForDeploymentPostprocessing = 0;
		};
/* End PBXFrameworksBuildPhase section */

/* Begin PBXGroup section */
		1E60919DDEFCF017E6E3579F /* Frameworks */ = {
			isa = PBXGroup;
			children = (
				036C0630F0F913A6C4876CD5 /* Pods_Netology_iOS_homeworks.framework */,
			);
			name = Frameworks;
			sourceTree = "<group>";
		};
		1F2A9E3126DA1A8900542900 /* FeedTab */ = {
			isa = PBXGroup;
			children = (
				6DF5CABB26D8AB3C000B030F /* FeedViewController.swift */,
				6DF5CAC326D8DC6E000B030F /* PostViewController.swift */,
				1F2A9E3526DA1B6300542900 /* InfoViewController.swift */,
			);
			path = FeedTab;
			sourceTree = "<group>";
		};
		1F7B418B26F5A9C2004BEB2F /* LogIn */ = {
			isa = PBXGroup;
			children = (
				6D5E111B2851A0FA0065E181 /* Login.swift */,
				6D5E111D285825AE0065E181 /* Password.swift */,
				6DC0BA5227A576B000094007 /* LoginViewInput.swift */,
				6DC0BA5427A576BB00094007 /* LoginViewOutput.swift */,
				6DC0BA5027A5765800094007 /* LoginViewPresenter.swift */,
				6DEF31FE26EC4F6E000D466F /* LogInViewController.swift */,
				1FF286C5278073E800CE8D01 /* LoginViewControllerDelegate.swift */,
			);
			path = LogIn;
			sourceTree = "<group>";
		};
		1F7B418C26F5AAAE004BEB2F /* Extenstions */ = {
			isa = PBXGroup;
			children = (
				6DF5CACA26DA754F000B030F /* UIView+extenstions.swift */,
				1F5B736C26EDD6440075597B /* UIImage+extensions.swift */,
				6DED7A0626F4607500A5CB5B /* UIStackView+removeAllArrangedSubviews.swift */,
				1F5B736E26EE007E0075597B /* UIScrollView+scrollToVerticalEnd.swift */,
				1FE2311D2764C65A00235C80 /* UIAlertController+infoAlert.swift */,
				6DBA679A27BF7EAF00468CF5 /* UIColor+randomColor.swift */,
				6DA62B112820E61600DD73DD /* UILabel+labelWithText.swift */,
			);
			path = Extenstions;
			sourceTree = "<group>";
		};
		1F9E705A26E10F040019098B /* Profile */ = {
			isa = PBXGroup;
			children = (
				1F9F326426D2612400CB1285 /* ProfileViewController.swift */,
				1F9F326026D2581300CB1285 /* ProfileView.swift */,
				1F9E705B26E10F180019098B /* ProfileHeaderView.swift */,
				6DED7A0226F43F1C00A5CB5B /* PhotosTableViewCell.swift */,
			);
			path = Profile;
			sourceTree = "<group>";
		};
		1F9F323E26D251DA00CB1285 = {
			isa = PBXGroup;
			children = (
				1F9F324926D251DA00CB1285 /* Netology iOS homeworks */,
				1FF35ABD275CCFC1008AF342 /* StorageService */,
				6D54F92427B0EFFA009544CC /* Netology iOS homeworksTests */,
				1F9F324826D251DA00CB1285 /* Products */,
				53518A727186B91F5481F2CF /* Pods */,
				1E60919DDEFCF017E6E3579F /* Frameworks */,
			);
			sourceTree = "<group>";
		};
		1F9F324826D251DA00CB1285 /* Products */ = {
			isa = PBXGroup;
			children = (
				1F9F324726D251DA00CB1285 /* Netology iOS homeworks.app */,
				1FF35ABC275CCFC1008AF342 /* StorageService.framework */,
				6D54F92327B0EFFA009544CC /* Netology iOS homeworksTests.xctest */,
			);
			name = Products;
			sourceTree = "<group>";
		};
		1F9F324926D251DA00CB1285 /* Netology iOS homeworks */ = {
			isa = PBXGroup;
			children = (
				1F9F324A26D251DA00CB1285 /* AppDelegate.swift */,
				6D73CA362813E2FE001563BD /* AppConfiguration.swift */,
				1F9F324C26D251DA00CB1285 /* SceneDelegate.swift */,
				6DA62B152820EAAA00DD73DD /* NetworkService */,
				6DBA679927B92F5900468CF5 /* Helpers */,
				6D426FC527808CA4003DC4CE /* LoginFactory */,
				6D5E111028518A320065E181 /* AuthorizedUser */,
				1FE231142764C0A600235C80 /* UserService */,
				1F2A9E3126DA1A8900542900 /* FeedTab */,
				1F7B418B26F5A9C2004BEB2F /* LogIn */,
				1F9E705A26E10F040019098B /* Profile */,
				6DF5CABD26D8AB47000B030F /* Posts */,
				6DED7A0126F43ED600A5CB5B /* Photos */,
				6DB3E9F927C5E95300130B8E /* Multimedia */,
				1F7B418C26F5AAAE004BEB2F /* Extenstions */,
				1FFC9FCE279424740069C288 /* Views */,
				6D01CB0A27A1640F00CE9481 /* Coordinators */,
				1F9F325326D251DB00CB1285 /* Assets.xcassets */,
				6DED7A0A26F7032700A5CB5B /* UIApplication+keyWindowiOS13.swift */,
				1F9F325526D251DB00CB1285 /* LaunchScreen.storyboard */,
				1F9F325826D251DB00CB1285 /* Info.plist */,
				6DCD247F28260C15009E10A9 /* GoogleService-Info.plist */,
			);
			path = "Netology iOS homeworks";
			sourceTree = "<group>";
		};
		1FE231142764C0A600235C80 /* UserService */ = {
			isa = PBXGroup;
			children = (
				1FE231122764C0A000235C80 /* User.swift */,
				1FE231152764C14500235C80 /* User+avatar.swift */,
				1FE231172764C1F200235C80 /* UserService.swift */,
				1FE231192764C22F00235C80 /* CurrentUserService.swift */,
				1FE2311F2764CF7600235C80 /* TestUserService.swift */,
			);
			path = UserService;
			sourceTree = "<group>";
		};
		1FF35ABD275CCFC1008AF342 /* StorageService */ = {
			isa = PBXGroup;
			children = (
				1FF35ABE275CCFC1008AF342 /* StorageService.h */,
				1F2A9E3226DA1AC800542900 /* Post.swift */,
			);
			path = StorageService;
			sourceTree = "<group>";
		};
		1FFC9FCE279424740069C288 /* Views */ = {
			isa = PBXGroup;
			children = (
				1FFC9FCF279424910069C288 /* SystemButton.swift */,
				1FFC9FD3279433CD0069C288 /* InputTextView.swift */,
			);
			path = Views;
			sourceTree = "<group>";
		};
		53518A727186B91F5481F2CF /* Pods */ = {
			isa = PBXGroup;
			children = (
				E312B70910161C1DF1AAC7C0 /* Pods-Netology iOS homeworks.debug.xcconfig */,
				C53D6CD2F63824794BBD04A4 /* Pods-Netology iOS homeworks.release.xcconfig */,
			);
			path = Pods;
			sourceTree = "<group>";
		};
		6D01CB0A27A1640F00CE9481 /* Coordinators */ = {
			isa = PBXGroup;
			children = (
				6D01CB0B27A1643700CE9481 /* Coordinator.swift */,
				6D01CB1527A167F600CE9481 /* TabBarCoordinator.swift */,
				6D01CB0F27A164BC00CE9481 /* ApplicationCoordinator.swift */,
				6D01CB1127A1657700CE9481 /* ProfileCoordinator.swift */,
				6D01CB1327A1657D00CE9481 /* FeedCoordinator.swift */,
				6DB3EA0427C5FF8900130B8E /* MultimediaCoordinator.swift */,
			);
			path = Coordinators;
			sourceTree = "<group>";
		};
		6D426FC527808CA4003DC4CE /* LoginFactory */ = {
			isa = PBXGroup;
			children = (
				6D426FC127808C4A003DC4CE /* LoginFactory.swift */,
				6D426FC327808C99003DC4CE /* DefaultLoginFactory.swift */,
				1FF286C72780744F00CE8D01 /* LoginInspector.swift */,
				6DB5C336283A148600471775 /* LoginInspectorError.swift */,
			);
			path = LoginFactory;
			sourceTree = "<group>";
		};
		6D54F92427B0EFFA009544CC /* Netology iOS homeworksTests */ = {
			isa = PBXGroup;
			children = (
				6DCD24842827640B009E10A9 /* FirebaseAuthTests.swift */,
				6D54F92527B0EFFA009544CC /* BruteForcierTests.swift */,
			);
			path = "Netology iOS homeworksTests";
			sourceTree = "<group>";
		};
		6D5E111028518A320065E181 /* AuthorizedUser */ = {
			isa = PBXGroup;
			children = (
				6D5E11192851965D0065E181 /* AuthorizedUserInfo.swift */,
				6D5E111528518B520065E181 /* AuthorizedUserService.swift */,
				6D5E111728518C0A0065E181 /* RealmAuthorizedUserService.swift */,
				6D5E111128518A670065E181 /* RealmAuthorizedUser.swift */,
			);
			path = AuthorizedUser;
			sourceTree = "<group>";
		};
		6DA62B152820EAAA00DD73DD /* NetworkService */ = {
			isa = PBXGroup;
			children = (
				6D73CA342813E204001563BD /* NetworkService.swift */,
				6DA62B0F281BCFBC00DD73DD /* TestURLs.swift */,
				6DA62B0D281BCF2000DD73DD /* TestDocument.swift */,
				6DA62B132820E9D700DD73DD /* Planet.swift */,
				6DA62B1A2820FE1400DD73DD /* People.swift */,
			);
			path = NetworkService;
			sourceTree = "<group>";
		};
		6DB3E9F927C5E95300130B8E /* Multimedia */ = {
			isa = PBXGroup;
			children = (
				6DB3E9FE27C5EB5000130B8E /* AudioPlayer.swift */,
				6DB3EA1C27C656D400130B8E /* AudioRecorder.swift */,
				6DB3EA0227C5ECB400130B8E /* AudioPlayerDelegate.swift */,
				6DB3EA1E27C657DD00130B8E /* AudioRecorderDelegate.swift */,
				6DB3EA0027C5EBF400130B8E /* DefaultAudioPlayer.swift */,
				6DB3EA2027C6581400130B8E /* DefaultAudioRecorder.swift */,
				6DB3E9FA27C5E9C800130B8E /* MultimediaViewController.swift */,
				6DB3E9FC27C5EB1100130B8E /* TitleButtonsCell.swift */,
				6DB3EA1A27C63A4C00130B8E /* YoutubeVideoCell.swift */,
				6DB3EA0A27C601EE00130B8E /* Store */,
			);
			path = Multimedia;
			sourceTree = "<group>";
		};
		6DB3EA0A27C601EE00130B8E /* Store */ = {
			isa = PBXGroup;
			children = (
				6DB3EA0627C6018F00130B8E /* MultimediaStore.swift */,
				6DB3EA0827C601DD00130B8E /* Queen.mp3 */,
				6DB3EA0E27C611C400130B8E /* file_example_MP3_700KB.mp3 */,
				6DB3EA0C27C611C400130B8E /* sample-6s.mp3 */,
				6DB3EA0B27C611C400130B8E /* sample-9s.mp3 */,
				6DB3EA0F27C611C400130B8E /* sample-12s.mp3 */,
				6DB3EA0D27C611C400130B8E /* sample-15s.mp3 */,
			);
			path = Store;
			sourceTree = "<group>";
		};
		6DBA679927B92F5900468CF5 /* Helpers */ = {
			isa = PBXGroup;
			children = (
				1FFC9FD5279448A60069C288 /* WordChecker.swift */,
				6DC0BA5627A5802F00094007 /* ModuleFactory.swift */,
				6DC0BA5827A6489E00094007 /* Task8ProcessImagesOnThreadTester.swift */,
				6D54F91D27B0E7C2009544CC /* BruteForcier.swift */,
				6D54F92C27B14B81009544CC /* RandomStringGenerator.swift */,
			);
			path = Helpers;
			sourceTree = "<group>";
		};
		6DED7A0126F43ED600A5CB5B /* Photos */ = {
			isa = PBXGroup;
			children = (
				6DED7A0426F43F7600A5CB5B /* PhotosStore.swift */,
				6DED7A0826F473D600A5CB5B /* PhotosViewController.swift */,
				1F7B418926F59F5D004BEB2F /* PhotosCollectionViewCell.swift */,
			);
			path = Photos;
			sourceTree = "<group>";
		};
		6DF5CABD26D8AB47000B030F /* Posts */ = {
			isa = PBXGroup;
			children = (
				1F5B737026EE11F90075597B /* PostTableViewCell.swift */,
			);
			path = Posts;
			sourceTree = "<group>";
		};
/* End PBXGroup section */

/* Begin PBXHeadersBuildPhase section */
		1FF35AB7275CCFC1008AF342 /* Headers */ = {
			isa = PBXHeadersBuildPhase;
			buildActionMask = 2147483647;
			files = (
				1FF35ABF275CCFC1008AF342 /* StorageService.h in Headers */,
			);
			runOnlyForDeploymentPostprocessing = 0;
		};
/* End PBXHeadersBuildPhase section */

/* Begin PBXNativeTarget section */
		1F9F324626D251DA00CB1285 /* Netology iOS homeworks */ = {
			isa = PBXNativeTarget;
			buildConfigurationList = 1F9F325B26D251DB00CB1285 /* Build configuration list for PBXNativeTarget "Netology iOS homeworks" */;
			buildPhases = (
				1B666027E6F5A9735583460D /* [CP] Check Pods Manifest.lock */,
				1F9F324326D251DA00CB1285 /* Sources */,
				1F9F324426D251DA00CB1285 /* Frameworks */,
				1F9F324526D251DA00CB1285 /* Resources */,
				290E4F0F092C96D52F82D882 /* [CP] Embed Pods Frameworks */,
				1FF35AC4275CCFC1008AF342 /* Embed Frameworks */,
			);
			buildRules = (
			);
			dependencies = (
				1FF35AC1275CCFC1008AF342 /* PBXTargetDependency */,
			);
			name = "Netology iOS homeworks";
			packageProductDependencies = (
				1F155D752764923300926692 /* iOSIntPackage */,
				6DB3EA1627C625F700130B8E /* YouTubeiOSPlayerHelper */,
				6DCD24822826137F009E10A9 /* FirebaseAuth */,
				6D5E110C28518A1B0065E181 /* Realm */,
				6D5E110E28518A1B0065E181 /* RealmSwift */,
			);
			productName = "Netology iOS homeworks";
			productReference = 1F9F324726D251DA00CB1285 /* Netology iOS homeworks.app */;
			productType = "com.apple.product-type.application";
		};
		1FF35ABB275CCFC1008AF342 /* StorageService */ = {
			isa = PBXNativeTarget;
			buildConfigurationList = 1FF35AC7275CCFC1008AF342 /* Build configuration list for PBXNativeTarget "StorageService" */;
			buildPhases = (
				1FF35AB7275CCFC1008AF342 /* Headers */,
				1FF35AB8275CCFC1008AF342 /* Sources */,
				1FF35AB9275CCFC1008AF342 /* Frameworks */,
				1FF35ABA275CCFC1008AF342 /* Resources */,
			);
			buildRules = (
			);
			dependencies = (
			);
			name = StorageService;
			productName = StorageService;
			productReference = 1FF35ABC275CCFC1008AF342 /* StorageService.framework */;
			productType = "com.apple.product-type.framework";
		};
		6D54F92227B0EFFA009544CC /* Netology iOS homeworksTests */ = {
			isa = PBXNativeTarget;
			buildConfigurationList = 6D54F92927B0EFFA009544CC /* Build configuration list for PBXNativeTarget "Netology iOS homeworksTests" */;
			buildPhases = (
				6D54F91F27B0EFFA009544CC /* Sources */,
				6D54F92027B0EFFA009544CC /* Frameworks */,
				6D54F92127B0EFFA009544CC /* Resources */,
			);
			buildRules = (
			);
			dependencies = (
				6D54F92827B0EFFA009544CC /* PBXTargetDependency */,
			);
			name = "Netology iOS homeworksTests";
			productName = "Netology iOS homeworksTests";
			productReference = 6D54F92327B0EFFA009544CC /* Netology iOS homeworksTests.xctest */;
			productType = "com.apple.product-type.bundle.unit-test";
		};
/* End PBXNativeTarget section */

/* Begin PBXProject section */
		1F9F323F26D251DA00CB1285 /* Project object */ = {
			isa = PBXProject;
			attributes = {
				LastSwiftUpdateCheck = 1320;
				LastUpgradeCheck = 1250;
				TargetAttributes = {
					1F9F324626D251DA00CB1285 = {
						CreatedOnToolsVersion = 12.5;
					};
					1FF35ABB275CCFC1008AF342 = {
						CreatedOnToolsVersion = 13.1;
					};
					6D54F92227B0EFFA009544CC = {
						CreatedOnToolsVersion = 13.2.1;
						TestTargetID = 1F9F324626D251DA00CB1285;
					};
				};
			};
			buildConfigurationList = 1F9F324226D251DA00CB1285 /* Build configuration list for PBXProject "Netology iOS homeworks" */;
			compatibilityVersion = "Xcode 9.3";
			developmentRegion = en;
			hasScannedForEncodings = 0;
			knownRegions = (
				en,
				Base,
			);
			mainGroup = 1F9F323E26D251DA00CB1285;
			packageReferences = (
				1F155D742764923300926692 /* XCRemoteSwiftPackageReference "iOSIntPackage" */,
				6DB3EA1527C625F700130B8E /* XCRemoteSwiftPackageReference "youtube-ios-player-helper" */,
				6DCD24812826137F009E10A9 /* XCRemoteSwiftPackageReference "firebase-ios-sdk" */,
				6D5E110B28518A1B0065E181 /* XCRemoteSwiftPackageReference "realm-swift" */,
			);
			productRefGroup = 1F9F324826D251DA00CB1285 /* Products */;
			projectDirPath = "";
			projectRoot = "";
			targets = (
				1F9F324626D251DA00CB1285 /* Netology iOS homeworks */,
				1FF35ABB275CCFC1008AF342 /* StorageService */,
				6D54F92227B0EFFA009544CC /* Netology iOS homeworksTests */,
			);
		};
/* End PBXProject section */

/* Begin PBXResourcesBuildPhase section */
		1F9F324526D251DA00CB1285 /* Resources */ = {
			isa = PBXResourcesBuildPhase;
			buildActionMask = 2147483647;
			files = (
				6DB3EA1227C611C400130B8E /* sample-15s.mp3 in Resources */,
				6DB3EA1427C611C400130B8E /* sample-12s.mp3 in Resources */,
				6DCD248028260C15009E10A9 /* GoogleService-Info.plist in Resources */,
				6DB3EA0927C601DD00130B8E /* Queen.mp3 in Resources */,
				6DB3EA1127C611C400130B8E /* sample-6s.mp3 in Resources */,
				1F9F325726D251DB00CB1285 /* LaunchScreen.storyboard in Resources */,
				6DB3EA1027C611C400130B8E /* sample-9s.mp3 in Resources */,
				6DB3EA1327C611C400130B8E /* file_example_MP3_700KB.mp3 in Resources */,
				1F9F325426D251DB00CB1285 /* Assets.xcassets in Resources */,
			);
			runOnlyForDeploymentPostprocessing = 0;
		};
		1FF35ABA275CCFC1008AF342 /* Resources */ = {
			isa = PBXResourcesBuildPhase;
			buildActionMask = 2147483647;
			files = (
				6DCD248928277039009E10A9 /* GoogleService-Info.plist in Resources */,
			);
			runOnlyForDeploymentPostprocessing = 0;
		};
		6D54F92127B0EFFA009544CC /* Resources */ = {
			isa = PBXResourcesBuildPhase;
			buildActionMask = 2147483647;
			files = (
				6DCD24862827641B009E10A9 /* GoogleService-Info.plist in Resources */,
			);
			runOnlyForDeploymentPostprocessing = 0;
		};
/* End PBXResourcesBuildPhase section */

/* Begin PBXShellScriptBuildPhase section */
		1B666027E6F5A9735583460D /* [CP] Check Pods Manifest.lock */ = {
			isa = PBXShellScriptBuildPhase;
			buildActionMask = 2147483647;
			files = (
			);
			inputFileListPaths = (
			);
			inputPaths = (
				"${PODS_PODFILE_DIR_PATH}/Podfile.lock",
				"${PODS_ROOT}/Manifest.lock",
			);
			name = "[CP] Check Pods Manifest.lock";
			outputFileListPaths = (
			);
			outputPaths = (
				"$(DERIVED_FILE_DIR)/Pods-Netology iOS homeworks-checkManifestLockResult.txt",
			);
			runOnlyForDeploymentPostprocessing = 0;
			shellPath = /bin/sh;
			shellScript = "diff \"${PODS_PODFILE_DIR_PATH}/Podfile.lock\" \"${PODS_ROOT}/Manifest.lock\" > /dev/null\nif [ $? != 0 ] ; then\n    # print error to STDERR\n    echo \"error: The sandbox is not in sync with the Podfile.lock. Run 'pod install' or update your CocoaPods installation.\" >&2\n    exit 1\nfi\n# This output is used by Xcode 'outputs' to avoid re-running this script phase.\necho \"SUCCESS\" > \"${SCRIPT_OUTPUT_FILE_0}\"\n";
			showEnvVarsInLog = 0;
		};
		290E4F0F092C96D52F82D882 /* [CP] Embed Pods Frameworks */ = {
			isa = PBXShellScriptBuildPhase;
			buildActionMask = 2147483647;
			files = (
			);
			inputFileListPaths = (
				"${PODS_ROOT}/Target Support Files/Pods-Netology iOS homeworks/Pods-Netology iOS homeworks-frameworks-${CONFIGURATION}-input-files.xcfilelist",
			);
			name = "[CP] Embed Pods Frameworks";
			outputFileListPaths = (
				"${PODS_ROOT}/Target Support Files/Pods-Netology iOS homeworks/Pods-Netology iOS homeworks-frameworks-${CONFIGURATION}-output-files.xcfilelist",
			);
			runOnlyForDeploymentPostprocessing = 0;
			shellPath = /bin/sh;
			shellScript = "\"${PODS_ROOT}/Target Support Files/Pods-Netology iOS homeworks/Pods-Netology iOS homeworks-frameworks.sh\"\n";
			showEnvVarsInLog = 0;
		};
/* End PBXShellScriptBuildPhase section */

/* Begin PBXSourcesBuildPhase section */
		1F9F324326D251DA00CB1285 /* Sources */ = {
			isa = PBXSourcesBuildPhase;
			buildActionMask = 2147483647;
			files = (
				6DB3EA1D27C656D400130B8E /* AudioRecorder.swift in Sources */,
				1FE231202764CF7600235C80 /* TestUserService.swift in Sources */,
				6DED7A0326F43F1C00A5CB5B /* PhotosTableViewCell.swift in Sources */,
				6DF5CAC526D8DC6E000B030F /* PostViewController.swift in Sources */,
				6D01CB1427A1657D00CE9481 /* FeedCoordinator.swift in Sources */,
				1F5B736F26EE007E0075597B /* UIScrollView+scrollToVerticalEnd.swift in Sources */,
				6DB5C337283A148600471775 /* LoginInspectorError.swift in Sources */,
				6D54F91E27B0E7C2009544CC /* BruteForcier.swift in Sources */,
				6DB3E9FF27C5EB5000130B8E /* AudioPlayer.swift in Sources */,
				6DED7A0B26F7032700A5CB5B /* UIApplication+keyWindowiOS13.swift in Sources */,
				1F9F326126D2581300CB1285 /* ProfileView.swift in Sources */,
				1FF286C82780744F00CE8D01 /* LoginInspector.swift in Sources */,
				6DA62B1B2820FE1400DD73DD /* People.swift in Sources */,
				6DC0BA5127A5765800094007 /* LoginViewPresenter.swift in Sources */,
				6DB3E9FB27C5E9C800130B8E /* MultimediaViewController.swift in Sources */,
				6DEF31FF26EC4F6E000D466F /* LogInViewController.swift in Sources */,
				1F9F326526D2612400CB1285 /* ProfileViewController.swift in Sources */,
				6D5E111828518C0A0065E181 /* RealmAuthorizedUserService.swift in Sources */,
				6D01CB0C27A1643700CE9481 /* Coordinator.swift in Sources */,
				1FE231182764C1F200235C80 /* UserService.swift in Sources */,
				6DED7A0526F43F7600A5CB5B /* PhotosStore.swift in Sources */,
				6DB3EA0127C5EBF400130B8E /* DefaultAudioPlayer.swift in Sources */,
				6D426FC427808C99003DC4CE /* DefaultLoginFactory.swift in Sources */,
				1FFC9FD4279433CD0069C288 /* InputTextView.swift in Sources */,
				6DC0BA5527A576BB00094007 /* LoginViewOutput.swift in Sources */,
				6D54F92D27B14B81009544CC /* RandomStringGenerator.swift in Sources */,
				6DF5CABC26D8AB3C000B030F /* FeedViewController.swift in Sources */,
				1F9F324B26D251DA00CB1285 /* AppDelegate.swift in Sources */,
				6DB3EA2127C6581400130B8E /* DefaultAudioRecorder.swift in Sources */,
				6DB3EA0327C5ECB400130B8E /* AudioPlayerDelegate.swift in Sources */,
				6DA62B10281BCFBC00DD73DD /* TestURLs.swift in Sources */,
				6DB3EA1B27C63A4C00130B8E /* YoutubeVideoCell.swift in Sources */,
				1FE2311E2764C65A00235C80 /* UIAlertController+infoAlert.swift in Sources */,
				6D5E111628518B520065E181 /* AuthorizedUserService.swift in Sources */,
				6DED7A0926F473D600A5CB5B /* PhotosViewController.swift in Sources */,
				1FFC9FD0279424910069C288 /* SystemButton.swift in Sources */,
				1F5B737126EE11F90075597B /* PostTableViewCell.swift in Sources */,
				6DF5CACB26DA754F000B030F /* UIView+extenstions.swift in Sources */,
				6D5E111E285825AE0065E181 /* Password.swift in Sources */,
				6D73CA352813E204001563BD /* NetworkService.swift in Sources */,
				6D01CB1227A1657700CE9481 /* ProfileCoordinator.swift in Sources */,
				1F9E705C26E10F180019098B /* ProfileHeaderView.swift in Sources */,
				6D73CA372813E2FE001563BD /* AppConfiguration.swift in Sources */,
				6DA62B142820E9D700DD73DD /* Planet.swift in Sources */,
				6D01CB1027A164BC00CE9481 /* ApplicationCoordinator.swift in Sources */,
				6DBA679B27BF7EAF00468CF5 /* UIColor+randomColor.swift in Sources */,
				6DC0BA5327A576B000094007 /* LoginViewInput.swift in Sources */,
				1F2A9E3726DA1B6300542900 /* InfoViewController.swift in Sources */,
				6DB3EA0727C6018F00130B8E /* MultimediaStore.swift in Sources */,
				6DED7A0726F4607500A5CB5B /* UIStackView+removeAllArrangedSubviews.swift in Sources */,
				6D5E111A2851965D0065E181 /* AuthorizedUserInfo.swift in Sources */,
				6DA62B0E281BCF2000DD73DD /* TestDocument.swift in Sources */,
				1F9F324D26D251DA00CB1285 /* SceneDelegate.swift in Sources */,
				1F7B418A26F59F5D004BEB2F /* PhotosCollectionViewCell.swift in Sources */,
				6DA62B122820E61600DD73DD /* UILabel+labelWithText.swift in Sources */,
				1F5B736D26EDD6440075597B /* UIImage+extensions.swift in Sources */,
				6DC0BA5727A5802F00094007 /* ModuleFactory.swift in Sources */,
				6DB3E9FD27C5EB1100130B8E /* TitleButtonsCell.swift in Sources */,
				6D01CB1627A167F600CE9481 /* TabBarCoordinator.swift in Sources */,
				1FE231132764C0A100235C80 /* User.swift in Sources */,
				1FF286C6278073E800CE8D01 /* LoginViewControllerDelegate.swift in Sources */,
				6DC0BA5927A6489E00094007 /* Task8ProcessImagesOnThreadTester.swift in Sources */,
				1FFC9FD6279448A60069C288 /* WordChecker.swift in Sources */,
				6DB3EA1F27C657DD00130B8E /* AudioRecorderDelegate.swift in Sources */,
				6D5E111C2851A0FA0065E181 /* Login.swift in Sources */,
				6D5E111228518A670065E181 /* RealmAuthorizedUser.swift in Sources */,
				1FE2311A2764C22F00235C80 /* CurrentUserService.swift in Sources */,
				6DB3EA0527C5FF8900130B8E /* MultimediaCoordinator.swift in Sources */,
				6D426FC227808C4A003DC4CE /* LoginFactory.swift in Sources */,
				1FE231162764C14500235C80 /* User+avatar.swift in Sources */,
			);
			runOnlyForDeploymentPostprocessing = 0;
		};
		1FF35AB8275CCFC1008AF342 /* Sources */ = {
			isa = PBXSourcesBuildPhase;
			buildActionMask = 2147483647;
			files = (
				1FF35AC8275CCFD7008AF342 /* Post.swift in Sources */,
			);
			runOnlyForDeploymentPostprocessing = 0;
		};
		6D54F91F27B0EFFA009544CC /* Sources */ = {
			isa = PBXSourcesBuildPhase;
			buildActionMask = 2147483647;
			files = (
				6DCD24852827640B009E10A9 /* FirebaseAuthTests.swift in Sources */,
				6D54F92627B0EFFA009544CC /* BruteForcierTests.swift in Sources */,
			);
			runOnlyForDeploymentPostprocessing = 0;
		};
/* End PBXSourcesBuildPhase section */

/* Begin PBXTargetDependency section */
		1FF35AC1275CCFC1008AF342 /* PBXTargetDependency */ = {
			isa = PBXTargetDependency;
			target = 1FF35ABB275CCFC1008AF342 /* StorageService */;
			targetProxy = 1FF35AC0275CCFC1008AF342 /* PBXContainerItemProxy */;
		};
		6D54F92827B0EFFA009544CC /* PBXTargetDependency */ = {
			isa = PBXTargetDependency;
			target = 1F9F324626D251DA00CB1285 /* Netology iOS homeworks */;
			targetProxy = 6D54F92727B0EFFA009544CC /* PBXContainerItemProxy */;
		};
/* End PBXTargetDependency section */

/* Begin PBXVariantGroup section */
		1F9F325526D251DB00CB1285 /* LaunchScreen.storyboard */ = {
			isa = PBXVariantGroup;
			children = (
				1F9F325626D251DB00CB1285 /* Base */,
			);
			name = LaunchScreen.storyboard;
			sourceTree = "<group>";
		};
/* End PBXVariantGroup section */

/* Begin XCBuildConfiguration section */
		1F9F325926D251DB00CB1285 /* Debug */ = {
			isa = XCBuildConfiguration;
			buildSettings = {
				ALWAYS_SEARCH_USER_PATHS = NO;
				CLANG_ANALYZER_NONNULL = YES;
				CLANG_ANALYZER_NUMBER_OBJECT_CONVERSION = YES_AGGRESSIVE;
				CLANG_CXX_LANGUAGE_STANDARD = "gnu++14";
				CLANG_CXX_LIBRARY = "libc++";
				CLANG_ENABLE_MODULES = YES;
				CLANG_ENABLE_OBJC_ARC = YES;
				CLANG_ENABLE_OBJC_WEAK = YES;
				CLANG_WARN_BLOCK_CAPTURE_AUTORELEASING = YES;
				CLANG_WARN_BOOL_CONVERSION = YES;
				CLANG_WARN_COMMA = YES;
				CLANG_WARN_CONSTANT_CONVERSION = YES;
				CLANG_WARN_DEPRECATED_OBJC_IMPLEMENTATIONS = YES;
				CLANG_WARN_DIRECT_OBJC_ISA_USAGE = YES_ERROR;
				CLANG_WARN_DOCUMENTATION_COMMENTS = YES;
				CLANG_WARN_EMPTY_BODY = YES;
				CLANG_WARN_ENUM_CONVERSION = YES;
				CLANG_WARN_INFINITE_RECURSION = YES;
				CLANG_WARN_INT_CONVERSION = YES;
				CLANG_WARN_NON_LITERAL_NULL_CONVERSION = YES;
				CLANG_WARN_OBJC_IMPLICIT_RETAIN_SELF = YES;
				CLANG_WARN_OBJC_LITERAL_CONVERSION = YES;
				CLANG_WARN_OBJC_ROOT_CLASS = YES_ERROR;
				CLANG_WARN_QUOTED_INCLUDE_IN_FRAMEWORK_HEADER = YES;
				CLANG_WARN_RANGE_LOOP_ANALYSIS = YES;
				CLANG_WARN_STRICT_PROTOTYPES = YES;
				CLANG_WARN_SUSPICIOUS_MOVE = YES;
				CLANG_WARN_UNGUARDED_AVAILABILITY = YES_AGGRESSIVE;
				CLANG_WARN_UNREACHABLE_CODE = YES;
				CLANG_WARN__DUPLICATE_METHOD_MATCH = YES;
				COPY_PHASE_STRIP = NO;
				DEBUG_INFORMATION_FORMAT = dwarf;
				ENABLE_STRICT_OBJC_MSGSEND = YES;
				ENABLE_TESTABILITY = YES;
				GCC_C_LANGUAGE_STANDARD = gnu11;
				GCC_DYNAMIC_NO_PIC = NO;
				GCC_NO_COMMON_BLOCKS = YES;
				GCC_OPTIMIZATION_LEVEL = 0;
				GCC_PREPROCESSOR_DEFINITIONS = (
					"DEBUG=1",
					"$(inherited)",
				);
				GCC_WARN_64_TO_32_BIT_CONVERSION = YES;
				GCC_WARN_ABOUT_RETURN_TYPE = YES_ERROR;
				GCC_WARN_UNDECLARED_SELECTOR = YES;
				GCC_WARN_UNINITIALIZED_AUTOS = YES_AGGRESSIVE;
				GCC_WARN_UNUSED_FUNCTION = YES;
				GCC_WARN_UNUSED_VARIABLE = YES;
				IPHONEOS_DEPLOYMENT_TARGET = 14.5;
				MTL_ENABLE_DEBUG_INFO = INCLUDE_SOURCE;
				MTL_FAST_MATH = YES;
				ONLY_ACTIVE_ARCH = YES;
				SDKROOT = iphoneos;
				SWIFT_ACTIVE_COMPILATION_CONDITIONS = DEBUG;
				SWIFT_OPTIMIZATION_LEVEL = "-Onone";
			};
			name = Debug;
		};
		1F9F325A26D251DB00CB1285 /* Release */ = {
			isa = XCBuildConfiguration;
			buildSettings = {
				ALWAYS_SEARCH_USER_PATHS = NO;
				CLANG_ANALYZER_NONNULL = YES;
				CLANG_ANALYZER_NUMBER_OBJECT_CONVERSION = YES_AGGRESSIVE;
				CLANG_CXX_LANGUAGE_STANDARD = "gnu++14";
				CLANG_CXX_LIBRARY = "libc++";
				CLANG_ENABLE_MODULES = YES;
				CLANG_ENABLE_OBJC_ARC = YES;
				CLANG_ENABLE_OBJC_WEAK = YES;
				CLANG_WARN_BLOCK_CAPTURE_AUTORELEASING = YES;
				CLANG_WARN_BOOL_CONVERSION = YES;
				CLANG_WARN_COMMA = YES;
				CLANG_WARN_CONSTANT_CONVERSION = YES;
				CLANG_WARN_DEPRECATED_OBJC_IMPLEMENTATIONS = YES;
				CLANG_WARN_DIRECT_OBJC_ISA_USAGE = YES_ERROR;
				CLANG_WARN_DOCUMENTATION_COMMENTS = YES;
				CLANG_WARN_EMPTY_BODY = YES;
				CLANG_WARN_ENUM_CONVERSION = YES;
				CLANG_WARN_INFINITE_RECURSION = YES;
				CLANG_WARN_INT_CONVERSION = YES;
				CLANG_WARN_NON_LITERAL_NULL_CONVERSION = YES;
				CLANG_WARN_OBJC_IMPLICIT_RETAIN_SELF = YES;
				CLANG_WARN_OBJC_LITERAL_CONVERSION = YES;
				CLANG_WARN_OBJC_ROOT_CLASS = YES_ERROR;
				CLANG_WARN_QUOTED_INCLUDE_IN_FRAMEWORK_HEADER = YES;
				CLANG_WARN_RANGE_LOOP_ANALYSIS = YES;
				CLANG_WARN_STRICT_PROTOTYPES = YES;
				CLANG_WARN_SUSPICIOUS_MOVE = YES;
				CLANG_WARN_UNGUARDED_AVAILABILITY = YES_AGGRESSIVE;
				CLANG_WARN_UNREACHABLE_CODE = YES;
				CLANG_WARN__DUPLICATE_METHOD_MATCH = YES;
				COPY_PHASE_STRIP = NO;
				DEBUG_INFORMATION_FORMAT = "dwarf-with-dsym";
				ENABLE_NS_ASSERTIONS = NO;
				ENABLE_STRICT_OBJC_MSGSEND = YES;
				GCC_C_LANGUAGE_STANDARD = gnu11;
				GCC_NO_COMMON_BLOCKS = YES;
				GCC_WARN_64_TO_32_BIT_CONVERSION = YES;
				GCC_WARN_ABOUT_RETURN_TYPE = YES_ERROR;
				GCC_WARN_UNDECLARED_SELECTOR = YES;
				GCC_WARN_UNINITIALIZED_AUTOS = YES_AGGRESSIVE;
				GCC_WARN_UNUSED_FUNCTION = YES;
				GCC_WARN_UNUSED_VARIABLE = YES;
				IPHONEOS_DEPLOYMENT_TARGET = 14.5;
				MTL_ENABLE_DEBUG_INFO = NO;
				MTL_FAST_MATH = YES;
				SDKROOT = iphoneos;
				SWIFT_COMPILATION_MODE = wholemodule;
				SWIFT_OPTIMIZATION_LEVEL = "-O";
				VALIDATE_PRODUCT = YES;
			};
			name = Release;
		};
		1F9F325C26D251DB00CB1285 /* Debug */ = {
			isa = XCBuildConfiguration;
			baseConfigurationReference = E312B70910161C1DF1AAC7C0 /* Pods-Netology iOS homeworks.debug.xcconfig */;
			buildSettings = {
				ALWAYS_EMBED_SWIFT_STANDARD_LIBRARIES = YES;
				ASSETCATALOG_COMPILER_APPICON_NAME = AppIcon;
				ASSETCATALOG_COMPILER_GLOBAL_ACCENT_COLOR_NAME = AccentColor;
				CODE_SIGN_STYLE = Automatic;
				DEVELOPMENT_TEAM = 3T976NF4W2;
				INFOPLIST_FILE = "Netology iOS homeworks/Info.plist";
				LD_RUNPATH_SEARCH_PATHS = (
					"$(inherited)",
					"@executable_path/Frameworks",
				);
				PRODUCT_BUNDLE_IDENTIFIER = "AlexanderShelikhov.Netology-iOS-homeworks";
				PRODUCT_NAME = "$(TARGET_NAME)";
				SWIFT_VERSION = 5.0;
				TARGETED_DEVICE_FAMILY = "1,2";
			};
			name = Debug;
		};
		1F9F325D26D251DB00CB1285 /* Release */ = {
			isa = XCBuildConfiguration;
			baseConfigurationReference = C53D6CD2F63824794BBD04A4 /* Pods-Netology iOS homeworks.release.xcconfig */;
			buildSettings = {
				ALWAYS_EMBED_SWIFT_STANDARD_LIBRARIES = YES;
				ASSETCATALOG_COMPILER_APPICON_NAME = AppIcon;
				ASSETCATALOG_COMPILER_GLOBAL_ACCENT_COLOR_NAME = AccentColor;
				CODE_SIGN_STYLE = Automatic;
				DEVELOPMENT_TEAM = 3T976NF4W2;
				INFOPLIST_FILE = "Netology iOS homeworks/Info.plist";
				LD_RUNPATH_SEARCH_PATHS = (
					"$(inherited)",
					"@executable_path/Frameworks",
				);
				PRODUCT_BUNDLE_IDENTIFIER = "AlexanderShelikhov.Netology-iOS-homeworks";
				PRODUCT_NAME = "$(TARGET_NAME)";
				SWIFT_VERSION = 5.0;
				TARGETED_DEVICE_FAMILY = "1,2";
			};
			name = Release;
		};
		1FF35AC5275CCFC1008AF342 /* Debug */ = {
			isa = XCBuildConfiguration;
			buildSettings = {
				CLANG_CXX_LANGUAGE_STANDARD = "gnu++17";
				CODE_SIGN_STYLE = Automatic;
				CURRENT_PROJECT_VERSION = 1;
				DEFINES_MODULE = YES;
				DEVELOPMENT_TEAM = 3T976NF4W2;
				DYLIB_COMPATIBILITY_VERSION = 1;
				DYLIB_CURRENT_VERSION = 1;
				DYLIB_INSTALL_NAME_BASE = "@rpath";
				GENERATE_INFOPLIST_FILE = YES;
				INFOPLIST_KEY_NSHumanReadableCopyright = "";
				INSTALL_PATH = "$(LOCAL_LIBRARY_DIR)/Frameworks";
				IPHONEOS_DEPLOYMENT_TARGET = 14.5;
				LD_RUNPATH_SEARCH_PATHS = (
					"$(inherited)",
					"@executable_path/Frameworks",
					"@loader_path/Frameworks",
				);
				MARKETING_VERSION = 1.0;
				PRODUCT_BUNDLE_IDENTIFIER = AlexanderShelikhov.StorageService;
				PRODUCT_NAME = "$(TARGET_NAME:c99extidentifier)";
				SKIP_INSTALL = YES;
				SWIFT_EMIT_LOC_STRINGS = YES;
				SWIFT_VERSION = 5.0;
				TARGETED_DEVICE_FAMILY = "1,2";
				VERSIONING_SYSTEM = "apple-generic";
				VERSION_INFO_PREFIX = "";
			};
			name = Debug;
		};
		1FF35AC6275CCFC1008AF342 /* Release */ = {
			isa = XCBuildConfiguration;
			buildSettings = {
				CLANG_CXX_LANGUAGE_STANDARD = "gnu++17";
				CODE_SIGN_STYLE = Automatic;
				CURRENT_PROJECT_VERSION = 1;
				DEFINES_MODULE = YES;
				DEVELOPMENT_TEAM = 3T976NF4W2;
				DYLIB_COMPATIBILITY_VERSION = 1;
				DYLIB_CURRENT_VERSION = 1;
				DYLIB_INSTALL_NAME_BASE = "@rpath";
				GENERATE_INFOPLIST_FILE = YES;
				INFOPLIST_KEY_NSHumanReadableCopyright = "";
				INSTALL_PATH = "$(LOCAL_LIBRARY_DIR)/Frameworks";
				IPHONEOS_DEPLOYMENT_TARGET = 14.5;
				LD_RUNPATH_SEARCH_PATHS = (
					"$(inherited)",
					"@executable_path/Frameworks",
					"@loader_path/Frameworks",
				);
				MARKETING_VERSION = 1.0;
				PRODUCT_BUNDLE_IDENTIFIER = AlexanderShelikhov.StorageService;
				PRODUCT_NAME = "$(TARGET_NAME:c99extidentifier)";
				SKIP_INSTALL = YES;
				SWIFT_EMIT_LOC_STRINGS = YES;
				SWIFT_VERSION = 5.0;
				TARGETED_DEVICE_FAMILY = "1,2";
				VERSIONING_SYSTEM = "apple-generic";
				VERSION_INFO_PREFIX = "";
			};
			name = Release;
		};
		6D54F92A27B0EFFA009544CC /* Debug */ = {
			isa = XCBuildConfiguration;
			buildSettings = {
				BUNDLE_LOADER = "$(TEST_HOST)";
				CLANG_CXX_LANGUAGE_STANDARD = "gnu++17";
				CODE_SIGN_STYLE = Automatic;
				CURRENT_PROJECT_VERSION = 1;
				DEVELOPMENT_TEAM = 3T976NF4W2;
				GENERATE_INFOPLIST_FILE = YES;
				IPHONEOS_DEPLOYMENT_TARGET = 15.2;
				MARKETING_VERSION = 1.0;
				PRODUCT_BUNDLE_IDENTIFIER = "carwnSoft.Netology-iOS-homeworksTests";
				PRODUCT_NAME = "$(TARGET_NAME)";
				SWIFT_EMIT_LOC_STRINGS = NO;
				SWIFT_VERSION = 5.0;
				TARGETED_DEVICE_FAMILY = "1,2";
				TEST_HOST = "$(BUILT_PRODUCTS_DIR)/Netology iOS homeworks.app/Netology iOS homeworks";
			};
			name = Debug;
		};
		6D54F92B27B0EFFA009544CC /* Release */ = {
			isa = XCBuildConfiguration;
			buildSettings = {
				BUNDLE_LOADER = "$(TEST_HOST)";
				CLANG_CXX_LANGUAGE_STANDARD = "gnu++17";
				CODE_SIGN_STYLE = Automatic;
				CURRENT_PROJECT_VERSION = 1;
				DEVELOPMENT_TEAM = 3T976NF4W2;
				GENERATE_INFOPLIST_FILE = YES;
				IPHONEOS_DEPLOYMENT_TARGET = 15.2;
				MARKETING_VERSION = 1.0;
				PRODUCT_BUNDLE_IDENTIFIER = "carwnSoft.Netology-iOS-homeworksTests";
				PRODUCT_NAME = "$(TARGET_NAME)";
				SWIFT_EMIT_LOC_STRINGS = NO;
				SWIFT_VERSION = 5.0;
				TARGETED_DEVICE_FAMILY = "1,2";
				TEST_HOST = "$(BUILT_PRODUCTS_DIR)/Netology iOS homeworks.app/Netology iOS homeworks";
			};
			name = Release;
		};
/* End XCBuildConfiguration section */

/* Begin XCConfigurationList section */
		1F9F324226D251DA00CB1285 /* Build configuration list for PBXProject "Netology iOS homeworks" */ = {
			isa = XCConfigurationList;
			buildConfigurations = (
				1F9F325926D251DB00CB1285 /* Debug */,
				1F9F325A26D251DB00CB1285 /* Release */,
			);
			defaultConfigurationIsVisible = 0;
			defaultConfigurationName = Release;
		};
		1F9F325B26D251DB00CB1285 /* Build configuration list for PBXNativeTarget "Netology iOS homeworks" */ = {
			isa = XCConfigurationList;
			buildConfigurations = (
				1F9F325C26D251DB00CB1285 /* Debug */,
				1F9F325D26D251DB00CB1285 /* Release */,
			);
			defaultConfigurationIsVisible = 0;
			defaultConfigurationName = Release;
		};
		1FF35AC7275CCFC1008AF342 /* Build configuration list for PBXNativeTarget "StorageService" */ = {
			isa = XCConfigurationList;
			buildConfigurations = (
				1FF35AC5275CCFC1008AF342 /* Debug */,
				1FF35AC6275CCFC1008AF342 /* Release */,
			);
			defaultConfigurationIsVisible = 0;
			defaultConfigurationName = Release;
		};
		6D54F92927B0EFFA009544CC /* Build configuration list for PBXNativeTarget "Netology iOS homeworksTests" */ = {
			isa = XCConfigurationList;
			buildConfigurations = (
				6D54F92A27B0EFFA009544CC /* Debug */,
				6D54F92B27B0EFFA009544CC /* Release */,
			);
			defaultConfigurationIsVisible = 0;
			defaultConfigurationName = Release;
		};
/* End XCConfigurationList section */

/* Begin XCRemoteSwiftPackageReference section */
		1F155D742764923300926692 /* XCRemoteSwiftPackageReference "iOSIntPackage" */ = {
			isa = XCRemoteSwiftPackageReference;
			repositoryURL = "https://github.com/TrueMax/iOSIntPackage";
			requirement = {
				kind = upToNextMajorVersion;
				minimumVersion = 3.0.0;
			};
		};
		6D5E110B28518A1B0065E181 /* XCRemoteSwiftPackageReference "realm-swift" */ = {
			isa = XCRemoteSwiftPackageReference;
			repositoryURL = "https://github.com/realm/realm-swift.git";
			requirement = {
				branch = master;
				kind = branch;
			};
		};
		6DB3EA1527C625F700130B8E /* XCRemoteSwiftPackageReference "youtube-ios-player-helper" */ = {
			isa = XCRemoteSwiftPackageReference;
			repositoryURL = "https://github.com/youtube/youtube-ios-player-helper";
			requirement = {
				kind = upToNextMajorVersion;
				minimumVersion = 1.0.0;
			};
		};
		6DCD24812826137F009E10A9 /* XCRemoteSwiftPackageReference "firebase-ios-sdk" */ = {
			isa = XCRemoteSwiftPackageReference;
			repositoryURL = "https://github.com/firebase/firebase-ios-sdk";
			requirement = {
				kind = upToNextMajorVersion;
				minimumVersion = 9.0.0;
			};
		};
/* End XCRemoteSwiftPackageReference section */

/* Begin XCSwiftPackageProductDependency section */
		1F155D752764923300926692 /* iOSIntPackage */ = {
			isa = XCSwiftPackageProductDependency;
			package = 1F155D742764923300926692 /* XCRemoteSwiftPackageReference "iOSIntPackage" */;
			productName = iOSIntPackage;
		};
		6D5E110C28518A1B0065E181 /* Realm */ = {
			isa = XCSwiftPackageProductDependency;
			package = 6D5E110B28518A1B0065E181 /* XCRemoteSwiftPackageReference "realm-swift" */;
			productName = Realm;
		};
		6D5E110E28518A1B0065E181 /* RealmSwift */ = {
			isa = XCSwiftPackageProductDependency;
			package = 6D5E110B28518A1B0065E181 /* XCRemoteSwiftPackageReference "realm-swift" */;
			productName = RealmSwift;
		};
		6DB3EA1627C625F700130B8E /* YouTubeiOSPlayerHelper */ = {
			isa = XCSwiftPackageProductDependency;
			package = 6DB3EA1527C625F700130B8E /* XCRemoteSwiftPackageReference "youtube-ios-player-helper" */;
			productName = YouTubeiOSPlayerHelper;
		};
		6DCD24822826137F009E10A9 /* FirebaseAuth */ = {
			isa = XCSwiftPackageProductDependency;
			package = 6DCD24812826137F009E10A9 /* XCRemoteSwiftPackageReference "firebase-ios-sdk" */;
			productName = FirebaseAuth;
		};
/* End XCSwiftPackageProductDependency section */
	};
	rootObject = 1F9F323F26D251DA00CB1285 /* Project object */;
}
