{
  "object": {
    "pins": [
      {
        "package": "iOSIntPackage",
        "repositoryURL": "https://github.com/TrueMax/iOSIntPackage",
        "state": {
          "branch": null,
          "revision": "e1cc0e1b76d7cb8f770d903d85ae9ed91ae026bd",
          "version": "3.2.3"
        }
      },
      {
        "package": "YouTubeiOSPlayerHelper",
        "repositoryURL": "https://github.com/youtube/youtube-ios-player-helper",
        "state": {
          "branch": null,
          "revision": "f57129cd4380ec0a74dd3a59da3270a1d653d59b",
          "version": "1.0.4"
        }
      }
    ]
  },
  "version": 1
}
